
Microsoft Visual Studio Solution File, Format Version 12.00
# Visual Studio 15
VisualStudioVersion = 15.0.27004.2002
MinimumVisualStudioVersion = 10.0.40219.1
Project("{FAE04EC0-301F-11D3-BF4B-00C04F79EFBC}") = "HelloWorld", "HelloWorld\HelloWorld.csproj", "{0DD43648-84EC-4A34-9F49-3994BA9B0B44}"
EndProject
Global
	GlobalSection(SolutionConfigurationPlatforms) = preSolution
		Debug|Any CPU = Debug|Any CPU
		Release|Any CPU = Release|Any CPU
	EndGlobalSection
	GlobalSection(ProjectConfigurationPlatforms) = postSolution
		{0DD43648-84EC-4A34-9F49-3994BA9B0B44}.Debug|Any CPU.ActiveCfg = Debug|Any CPU
		{0DD43648-84EC-4A34-9F49-3994BA9B0B44}.Debug|Any CPU.Build.0 = Debug|Any CPU
		{0DD43648-84EC-4A34-9F49-3994BA9B0B44}.Release|Any CPU.ActiveCfg = Release|Any CPU
		{0DD43648-84EC-4A34-9F49-3994BA9B0B44}.Release|Any CPU.Build.0 = Release|Any CPU
	EndGlobalSection
	GlobalSection(SolutionProperties) = preSolution
		HideSolutionNode = FALSE
	EndGlobalSection
	GlobalSection(ExtensibilityGlobals) = postSolution
		SolutionGuid = {E267106E-5CF1-4E04-BE90-639A77DFBE2D}
	EndGlobalSection
EndGlobal
